
Microsoft Visual Studio Solution File, Format Version 12.00
# Visual Studio 15
VisualStudioVersion = 15.0.28307.438
MinimumVisualStudioVersion = 10.0.40219.1
Project("{FAE04EC0-301F-11D3-BF4B-00C04F79EFBC}") = "SalesWebMVC", "SalesWebMVC\SalesWebMVC.csproj", "{D422221F-03C5-45FF-9DA4-7B24D20B3D16}"
EndProject
Global
	GlobalSection(SolutionConfigurationPlatforms) = preSolution
		Debug|Any CPU = Debug|Any CPU
		Release|Any CPU = Release|Any CPU
	EndGlobalSection
	GlobalSection(ProjectConfigurationPlatforms) = postSolution
		{D422221F-03C5-45FF-9DA4-7B24D20B3D16}.Debug|Any CPU.ActiveCfg = Debug|Any CPU
		{D422221F-03C5-45FF-9DA4-7B24D20B3D16}.Debug|Any CPU.Build.0 = Debug|Any CPU
		{D422221F-03C5-45FF-9DA4-7B24D20B3D16}.Release|Any CPU.ActiveCfg = Release|Any CPU
		{D422221F-03C5-45FF-9DA4-7B24D20B3D16}.Release|Any CPU.Build.0 = Release|Any CPU
	EndGlobalSection
	GlobalSection(SolutionProperties) = preSolution
		HideSolutionNode = FALSE
	EndGlobalSection
	GlobalSection(ExtensibilityGlobals) = postSolution
		SolutionGuid = {B77484B0-E6A9-42AE-8DD4-7E73FE6EC2CC}
	EndGlobalSection
EndGlobal
